
Microsoft Visual Studio Solution File, Format Version 12.00
Project("{2150E333-8FDC-42A3-9474-1A3956D46DE8}") = "src", "src", "{9AC05828-CFCE-4064-A729-4745FDCFF5DE}"
EndProject
Project("{FAE04EC0-301F-11D3-BF4B-00C04F79EFBC}") = "NoteHub.Domain", "NoteHub.Domain\NoteHub.Domain.csproj", "{88BA8962-FCF3-41D3-80E5-45568C8D9D4F}"
EndProject
Project("{FAE04EC0-301F-11D3-BF4B-00C04F79EFBC}") = "NoteHub.Application", "NoteHub.Application\NoteHub.Application.csproj", "{51DB9AD3-6ADA-4E56-9E30-BB3E9DB0F3F8}"
EndProject
Project("{FAE04EC0-301F-11D3-BF4B-00C04F79EFBC}") = "NoteHub.Infrastructure", "NoteHub.Infrastructure\NoteHub.Infrastructure.csproj", "{B9616228-1148-4BD5-8EB6-7D79312D0664}"
EndProject
Project("{FAE04EC0-301F-11D3-BF4B-00C04F79EFBC}") = "NoteHub.Plugins", "NoteHub.Plugins\NoteHub.Plugins.csproj", "{D5733827-41AA-4047-AAB1-4E72ED230366}"
EndProject
Project("{FAE04EC0-301F-11D3-BF4B-00C04F79EFBC}") = "NoteHub.API", "NoteHub.API\NoteHub.API.csproj", "{AEE73AAD-E4CC-444F-906B-A757936E7285}"
EndProject
Global
	GlobalSection(SolutionConfigurationPlatforms) = preSolution
		Debug|Any CPU = Debug|Any CPU
		Release|Any CPU = Release|Any CPU
	EndGlobalSection
	GlobalSection(NestedProjects) = preSolution
		{88BA8962-FCF3-41D3-80E5-45568C8D9D4F} = {9AC05828-CFCE-4064-A729-4745FDCFF5DE}
		{51DB9AD3-6ADA-4E56-9E30-BB3E9DB0F3F8} = {9AC05828-CFCE-4064-A729-4745FDCFF5DE}
		{B9616228-1148-4BD5-8EB6-7D79312D0664} = {9AC05828-CFCE-4064-A729-4745FDCFF5DE}
		{D5733827-41AA-4047-AAB1-4E72ED230366} = {9AC05828-CFCE-4064-A729-4745FDCFF5DE}
		{AEE73AAD-E4CC-444F-906B-A757936E7285} = {9AC05828-CFCE-4064-A729-4745FDCFF5DE}
	EndGlobalSection
	GlobalSection(ProjectConfigurationPlatforms) = postSolution
		{88BA8962-FCF3-41D3-80E5-45568C8D9D4F}.Debug|Any CPU.ActiveCfg = Debug|Any CPU
		{88BA8962-FCF3-41D3-80E5-45568C8D9D4F}.Debug|Any CPU.Build.0 = Debug|Any CPU
		{88BA8962-FCF3-41D3-80E5-45568C8D9D4F}.Release|Any CPU.ActiveCfg = Release|Any CPU
		{88BA8962-FCF3-41D3-80E5-45568C8D9D4F}.Release|Any CPU.Build.0 = Release|Any CPU
		{51DB9AD3-6ADA-4E56-9E30-BB3E9DB0F3F8}.Debug|Any CPU.ActiveCfg = Debug|Any CPU
		{51DB9AD3-6ADA-4E56-9E30-BB3E9DB0F3F8}.Debug|Any CPU.Build.0 = Debug|Any CPU
		{51DB9AD3-6ADA-4E56-9E30-BB3E9DB0F3F8}.Release|Any CPU.ActiveCfg = Release|Any CPU
		{51DB9AD3-6ADA-4E56-9E30-BB3E9DB0F3F8}.Release|Any CPU.Build.0 = Release|Any CPU
		{B9616228-1148-4BD5-8EB6-7D79312D0664}.Debug|Any CPU.ActiveCfg = Debug|Any CPU
		{B9616228-1148-4BD5-8EB6-7D79312D0664}.Debug|Any CPU.Build.0 = Debug|Any CPU
		{B9616228-1148-4BD5-8EB6-7D79312D0664}.Release|Any CPU.ActiveCfg = Release|Any CPU
		{B9616228-1148-4BD5-8EB6-7D79312D0664}.Release|Any CPU.Build.0 = Release|Any CPU
		{D5733827-41AA-4047-AAB1-4E72ED230366}.Debug|Any CPU.ActiveCfg = Debug|Any CPU
		{D5733827-41AA-4047-AAB1-4E72ED230366}.Debug|Any CPU.Build.0 = Debug|Any CPU
		{D5733827-41AA-4047-AAB1-4E72ED230366}.Release|Any CPU.ActiveCfg = Release|Any CPU
		{D5733827-41AA-4047-AAB1-4E72ED230366}.Release|Any CPU.Build.0 = Release|Any CPU
		{AEE73AAD-E4CC-444F-906B-A757936E7285}.Debug|Any CPU.ActiveCfg = Debug|Any CPU
		{AEE73AAD-E4CC-444F-906B-A757936E7285}.Debug|Any CPU.Build.0 = Debug|Any CPU
		{AEE73AAD-E4CC-444F-906B-A757936E7285}.Release|Any CPU.ActiveCfg = Release|Any CPU
		{AEE73AAD-E4CC-444F-906B-A757936E7285}.Release|Any CPU.Build.0 = Release|Any CPU
	EndGlobalSection
EndGlobal
